{
  "name": "ajsplatforms-2",
  "version": "1.0.0",
  "lockfileVersion": 1,
  "requires": true,
  "dependencies": {
    "@kateyachmeneva/ajsplatforms": {
      "version": "1.0.0",
      "resolved": "https://npm.pkg.github.com/download/@kateyachmeneva/ajsplatforms/1.0.0/9cd30f214107e8d50069322b37f5d36b3d6e828c23c560002a9ac6d0e2a0c220",
      "integrity": "sha512-6Iq/+/MDBoWwGo/aLn1x5ONlNW3Lz9EGrBLmatgPxPqpfHUyyY4DDPfMjSkMfVSswR9xCiDOXlojBOXjr/DpZA=="
    }
  }
}
